
Microsoft Visual Studio Solution File, Format Version 12.00
# Visual Studio Version 17
VisualStudioVersion = 17.14.36212.18
MinimumVisualStudioVersion = 10.0.40219.1
Project("{FAE04EC0-301F-11D3-BF4B-00C04F79EFBC}") = "Topic-7_Inheritance", "Topic-7_Inheritance\Topic-7_Inheritance.csproj", "{838EDA9C-18B3-4E83-AA7D-F96517D6A580}"
EndProject
Project("{FAE04EC0-301F-11D3-BF4B-00C04F79EFBC}") = "Topic-8_Polymorphism-override", "Topic-8_Polymorphism-override\Topic-8_Polymorphism-override.csproj", "{8A19A05C-A933-4481-B2D4-605A2E894511}"
EndProject
Project("{FAE04EC0-301F-11D3-BF4B-00C04F79EFBC}") = "Topic-9_Abstraction", "Topic-9_Abstraction\Topic-9_Abstraction.csproj", "{9A8E240B-F1B0-4BF4-ADFF-4B1FAE585FE6}"
EndProject
Project("{FAE04EC0-301F-11D3-BF4B-00C04F79EFBC}") = "Topic-10-1_Interface", "Topic-10-1_Interface\Topic-10-1_Interface.csproj", "{C4093D5A-0F92-4DEE-855D-B79238313678}"
EndProject
Project("{FAE04EC0-301F-11D3-BF4B-00C04F79EFBC}") = "Topic-10-2_Multiple Inheritance", "Topic-10-2_Multiple Inheritance\Topic-10-2_Multiple Inheritance.csproj", "{659953C3-DA8E-4B65-909D-7EFA79A4E5DA}"
EndProject
Global
	GlobalSection(SolutionConfigurationPlatforms) = preSolution
		Debug|Any CPU = Debug|Any CPU
		Release|Any CPU = Release|Any CPU
	EndGlobalSection
	GlobalSection(ProjectConfigurationPlatforms) = postSolution
		{838EDA9C-18B3-4E83-AA7D-F96517D6A580}.Debug|Any CPU.ActiveCfg = Debug|Any CPU
		{838EDA9C-18B3-4E83-AA7D-F96517D6A580}.Debug|Any CPU.Build.0 = Debug|Any CPU
		{838EDA9C-18B3-4E83-AA7D-F96517D6A580}.Release|Any CPU.ActiveCfg = Release|Any CPU
		{838EDA9C-18B3-4E83-AA7D-F96517D6A580}.Release|Any CPU.Build.0 = Release|Any CPU
		{8A19A05C-A933-4481-B2D4-605A2E894511}.Debug|Any CPU.ActiveCfg = Debug|Any CPU
		{8A19A05C-A933-4481-B2D4-605A2E894511}.Debug|Any CPU.Build.0 = Debug|Any CPU
		{8A19A05C-A933-4481-B2D4-605A2E894511}.Release|Any CPU.ActiveCfg = Release|Any CPU
		{8A19A05C-A933-4481-B2D4-605A2E894511}.Release|Any CPU.Build.0 = Release|Any CPU
		{9A8E240B-F1B0-4BF4-ADFF-4B1FAE585FE6}.Debug|Any CPU.ActiveCfg = Debug|Any CPU
		{9A8E240B-F1B0-4BF4-ADFF-4B1FAE585FE6}.Debug|Any CPU.Build.0 = Debug|Any CPU
		{9A8E240B-F1B0-4BF4-ADFF-4B1FAE585FE6}.Release|Any CPU.ActiveCfg = Release|Any CPU
		{9A8E240B-F1B0-4BF4-ADFF-4B1FAE585FE6}.Release|Any CPU.Build.0 = Release|Any CPU
		{C4093D5A-0F92-4DEE-855D-B79238313678}.Debug|Any CPU.ActiveCfg = Debug|Any CPU
		{C4093D5A-0F92-4DEE-855D-B79238313678}.Debug|Any CPU.Build.0 = Debug|Any CPU
		{C4093D5A-0F92-4DEE-855D-B79238313678}.Release|Any CPU.ActiveCfg = Release|Any CPU
		{C4093D5A-0F92-4DEE-855D-B79238313678}.Release|Any CPU.Build.0 = Release|Any CPU
		{659953C3-DA8E-4B65-909D-7EFA79A4E5DA}.Debug|Any CPU.ActiveCfg = Debug|Any CPU
		{659953C3-DA8E-4B65-909D-7EFA79A4E5DA}.Debug|Any CPU.Build.0 = Debug|Any CPU
		{659953C3-DA8E-4B65-909D-7EFA79A4E5DA}.Release|Any CPU.ActiveCfg = Release|Any CPU
		{659953C3-DA8E-4B65-909D-7EFA79A4E5DA}.Release|Any CPU.Build.0 = Release|Any CPU
	EndGlobalSection
	GlobalSection(SolutionProperties) = preSolution
		HideSolutionNode = FALSE
	EndGlobalSection
	GlobalSection(ExtensibilityGlobals) = postSolution
		SolutionGuid = {E403751B-F950-446B-AE1F-1686260BBEF2}
	EndGlobalSection
EndGlobal
